// !$*UTF8*$!
{
	archiveVersion = 1;
	classes = {
	};
	objectVersion = 56;
	objects = {

/* Begin PBXBuildFile section */
		99422E722B0B18D90008C6C8 /* LoginViewController.swift in Sources */ = {isa = PBXBuildFile; fileRef = 99422E712B0B18D90008C6C8 /* LoginViewController.swift */; };
		99422E742B0B19390008C6C8 /* RegisterViewController.swift in Sources */ = {isa = PBXBuildFile; fileRef = 99422E732B0B19390008C6C8 /* RegisterViewController.swift */; };
		99422E762B0B1B7C0008C6C8 /* Login.storyboard in Resources */ = {isa = PBXBuildFile; fileRef = 99422E752B0B1B7C0008C6C8 /* Login.storyboard */; };
		99C5F7792B13E2BC00DA87D2 /* LandingViewController.swift in Sources */ = {isa = PBXBuildFile; fileRef = 99C5F7782B13E2BC00DA87D2 /* LandingViewController.swift */; };
		99F69A732B01BB890028E88F /* AppDelegate.swift in Sources */ = {isa = PBXBuildFile; fileRef = 99F69A722B01BB890028E88F /* AppDelegate.swift */; };
		99F69A752B01BB890028E88F /* SceneDelegate.swift in Sources */ = {isa = PBXBuildFile; fileRef = 99F69A742B01BB890028E88F /* SceneDelegate.swift */; };
		99F69A772B01BB890028E88F /* ViewController.swift in Sources */ = {isa = PBXBuildFile; fileRef = 99F69A762B01BB890028E88F /* ViewController.swift */; };
		99F69A7A2B01BB890028E88F /* Main.storyboard in Resources */ = {isa = PBXBuildFile; fileRef = 99F69A782B01BB890028E88F /* Main.storyboard */; };
		99F69A7C2B01BB8A0028E88F /* Assets.xcassets in Resources */ = {isa = PBXBuildFile; fileRef = 99F69A7B2B01BB8A0028E88F /* Assets.xcassets */; };
		99F69A7F2B01BB8A0028E88F /* LaunchScreen.storyboard in Resources */ = {isa = PBXBuildFile; fileRef = 99F69A7D2B01BB8A0028E88F /* LaunchScreen.storyboard */; };
		EC42D9402B16967F00FDD37D /* tshirt.jpeg in Resources */ = {isa = PBXBuildFile; fileRef = EC42D93F2B16967F00FDD37D /* tshirt.jpeg */; };
		EC42D9462B169EF800FDD37D /* Product.swift in Sources */ = {isa = PBXBuildFile; fileRef = EC42D9452B169EF800FDD37D /* Product.swift */; };
		EC42D9482B16A69C00FDD37D /* ProductViewController.swift in Sources */ = {isa = PBXBuildFile; fileRef = EC42D9472B16A69C00FDD37D /* ProductViewController.swift */; };
		EC42D94A2B16A73500FDD37D /* CustomTableViewCell.swift in Sources */ = {isa = PBXBuildFile; fileRef = EC42D9492B16A73500FDD37D /* CustomTableViewCell.swift */; };
		EC42D94C2B16AC5700FDD37D /* CustomCollectionViewCell.swift in Sources */ = {isa = PBXBuildFile; fileRef = EC42D94B2B16AC5700FDD37D /* CustomCollectionViewCell.swift */; };
/* End PBXBuildFile section */

/* Begin PBXFileReference section */
		99422E712B0B18D90008C6C8 /* LoginViewController.swift */ = {isa = PBXFileReference; lastKnownFileType = sourcecode.swift; path = LoginViewController.swift; sourceTree = "<group>"; };
		99422E732B0B19390008C6C8 /* RegisterViewController.swift */ = {isa = PBXFileReference; lastKnownFileType = sourcecode.swift; path = RegisterViewController.swift; sourceTree = "<group>"; };
		99422E752B0B1B7C0008C6C8 /* Login.storyboard */ = {isa = PBXFileReference; lastKnownFileType = file.storyboard; path = Login.storyboard; sourceTree = "<group>"; };
		99C5F7782B13E2BC00DA87D2 /* LandingViewController.swift */ = {isa = PBXFileReference; lastKnownFileType = sourcecode.swift; path = LandingViewController.swift; sourceTree = "<group>"; };
		99F69A6F2B01BB890028E88F /* THRIFT.app */ = {isa = PBXFileReference; explicitFileType = wrapper.application; includeInIndex = 0; path = THRIFT.app; sourceTree = BUILT_PRODUCTS_DIR; };
		99F69A722B01BB890028E88F /* AppDelegate.swift */ = {isa = PBXFileReference; lastKnownFileType = sourcecode.swift; path = AppDelegate.swift; sourceTree = "<group>"; };
		99F69A742B01BB890028E88F /* SceneDelegate.swift */ = {isa = PBXFileReference; lastKnownFileType = sourcecode.swift; path = SceneDelegate.swift; sourceTree = "<group>"; };
		99F69A762B01BB890028E88F /* ViewController.swift */ = {isa = PBXFileReference; lastKnownFileType = sourcecode.swift; path = ViewController.swift; sourceTree = "<group>"; };
		99F69A792B01BB890028E88F /* Base */ = {isa = PBXFileReference; lastKnownFileType = file.storyboard; name = Base; path = Base.lproj/Main.storyboard; sourceTree = "<group>"; };
		99F69A7B2B01BB8A0028E88F /* Assets.xcassets */ = {isa = PBXFileReference; lastKnownFileType = folder.assetcatalog; path = Assets.xcassets; sourceTree = "<group>"; };
		99F69A7E2B01BB8A0028E88F /* Base */ = {isa = PBXFileReference; lastKnownFileType = file.storyboard; name = Base; path = Base.lproj/LaunchScreen.storyboard; sourceTree = "<group>"; };
		99F69A802B01BB8A0028E88F /* Info.plist */ = {isa = PBXFileReference; lastKnownFileType = text.plist.xml; path = Info.plist; sourceTree = "<group>"; };
		EC42D93F2B16967F00FDD37D /* tshirt.jpeg */ = {isa = PBXFileReference; lastKnownFileType = image.jpeg; name = tshirt.jpeg; path = ../../../../../Downloads/tshirt.jpeg; sourceTree = "<group>"; };
		EC42D9452B169EF800FDD37D /* Product.swift */ = {isa = PBXFileReference; lastKnownFileType = sourcecode.swift; path = Product.swift; sourceTree = "<group>"; };
		EC42D9472B16A69C00FDD37D /* ProductViewController.swift */ = {isa = PBXFileReference; lastKnownFileType = sourcecode.swift; path = ProductViewController.swift; sourceTree = "<group>"; };
		EC42D9492B16A73500FDD37D /* CustomTableViewCell.swift */ = {isa = PBXFileReference; lastKnownFileType = sourcecode.swift; path = CustomTableViewCell.swift; sourceTree = "<group>"; };
		EC42D94B2B16AC5700FDD37D /* CustomCollectionViewCell.swift */ = {isa = PBXFileReference; lastKnownFileType = sourcecode.swift; path = CustomCollectionViewCell.swift; sourceTree = "<group>"; };
/* End PBXFileReference section */

/* Begin PBXFrameworksBuildPhase section */
		99F69A6C2B01BB890028E88F /* Frameworks */ = {
			isa = PBXFrameworksBuildPhase;
			buildActionMask = 2147483647;
			files = (
			);
			runOnlyForDeploymentPostprocessing = 0;
		};
/* End PBXFrameworksBuildPhase section */

/* Begin PBXGroup section */
		99F69A662B01BB890028E88F = {
			isa = PBXGroup;
			children = (
				99422E752B0B1B7C0008C6C8 /* Login.storyboard */,
				99F69A712B01BB890028E88F /* THRIFT */,
				99F69A702B01BB890028E88F /* Products */,
			);
			sourceTree = "<group>";
		};
		99F69A702B01BB890028E88F /* Products */ = {
			isa = PBXGroup;
			children = (
				99F69A6F2B01BB890028E88F /* THRIFT.app */,
			);
			name = Products;
			sourceTree = "<group>";
		};
		99F69A712B01BB890028E88F /* THRIFT */ = {
			isa = PBXGroup;
			children = (
				99F69A722B01BB890028E88F /* AppDelegate.swift */,
				99F69A742B01BB890028E88F /* SceneDelegate.swift */,
				99F69A762B01BB890028E88F /* ViewController.swift */,
				99422E712B0B18D90008C6C8 /* LoginViewController.swift */,
				99422E732B0B19390008C6C8 /* RegisterViewController.swift */,
				99F69A782B01BB890028E88F /* Main.storyboard */,
				EC42D94B2B16AC5700FDD37D /* CustomCollectionViewCell.swift */,
				EC42D9492B16A73500FDD37D /* CustomTableViewCell.swift */,
				EC42D9472B16A69C00FDD37D /* ProductViewController.swift */,
				EC42D9452B169EF800FDD37D /* Product.swift */,
				99F69A7B2B01BB8A0028E88F /* Assets.xcassets */,
				EC42D93F2B16967F00FDD37D /* tshirt.jpeg */,
				99F69A7D2B01BB8A0028E88F /* LaunchScreen.storyboard */,
				99F69A802B01BB8A0028E88F /* Info.plist */,
				99C5F7782B13E2BC00DA87D2 /* LandingViewController.swift */,
			);
			path = THRIFT;
			sourceTree = "<group>";
		};
/* End PBXGroup section */

/* Begin PBXNativeTarget section */
		99F69A6E2B01BB890028E88F /* THRIFT */ = {
			isa = PBXNativeTarget;
			buildConfigurationList = 99F69A832B01BB8A0028E88F /* Build configuration list for PBXNativeTarget "THRIFT" */;
			buildPhases = (
				99F69A6B2B01BB890028E88F /* Sources */,
				99F69A6C2B01BB890028E88F /* Frameworks */,
				99F69A6D2B01BB890028E88F /* Resources */,
			);
			buildRules = (
			);
			dependencies = (
			);
			name = THRIFT;
			productName = THRIFT;
			productReference = 99F69A6F2B01BB890028E88F /* THRIFT.app */;
			productType = "com.apple.product-type.application";
		};
/* End PBXNativeTarget section */

/* Begin PBXProject section */
		99F69A672B01BB890028E88F /* Project object */ = {
			isa = PBXProject;
			attributes = {
				BuildIndependentTargetsInParallel = 1;
				LastSwiftUpdateCheck = 1500;
				LastUpgradeCheck = 1500;
				TargetAttributes = {
					99F69A6E2B01BB890028E88F = {
						CreatedOnToolsVersion = 15.0.1;
					};
				};
			};
			buildConfigurationList = 99F69A6A2B01BB890028E88F /* Build configuration list for PBXProject "THRIFT" */;
			compatibilityVersion = "Xcode 14.0";
			developmentRegion = en;
			hasScannedForEncodings = 0;
			knownRegions = (
				en,
				Base,
			);
			mainGroup = 99F69A662B01BB890028E88F;
			productRefGroup = 99F69A702B01BB890028E88F /* Products */;
			projectDirPath = "";
			projectRoot = "";
			targets = (
				99F69A6E2B01BB890028E88F /* THRIFT */,
			);
		};
/* End PBXProject section */

/* Begin PBXResourcesBuildPhase section */
		99F69A6D2B01BB890028E88F /* Resources */ = {
			isa = PBXResourcesBuildPhase;
			buildActionMask = 2147483647;
			files = (
				99422E762B0B1B7C0008C6C8 /* Login.storyboard in Resources */,
				EC42D9402B16967F00FDD37D /* tshirt.jpeg in Resources */,
				99F69A7F2B01BB8A0028E88F /* LaunchScreen.storyboard in Resources */,
				99F69A7C2B01BB8A0028E88F /* Assets.xcassets in Resources */,
				99F69A7A2B01BB890028E88F /* Main.storyboard in Resources */,
			);
			runOnlyForDeploymentPostprocessing = 0;
		};
/* End PBXResourcesBuildPhase section */

/* Begin PBXSourcesBuildPhase section */
		99F69A6B2B01BB890028E88F /* Sources */ = {
			isa = PBXSourcesBuildPhase;
			buildActionMask = 2147483647;
			files = (
				99422E722B0B18D90008C6C8 /* LoginViewController.swift in Sources */,
				EC42D94C2B16AC5700FDD37D /* CustomCollectionViewCell.swift in Sources */,
				99422E742B0B19390008C6C8 /* RegisterViewController.swift in Sources */,
				EC42D9462B169EF800FDD37D /* Product.swift in Sources */,
				99F69A772B01BB890028E88F /* ViewController.swift in Sources */,
				99F69A732B01BB890028E88F /* AppDelegate.swift in Sources */,
				99C5F7792B13E2BC00DA87D2 /* LandingViewController.swift in Sources */,
				EC42D94A2B16A73500FDD37D /* CustomTableViewCell.swift in Sources */,
				EC42D9482B16A69C00FDD37D /* ProductViewController.swift in Sources */,
				99F69A752B01BB890028E88F /* SceneDelegate.swift in Sources */,
			);
			runOnlyForDeploymentPostprocessing = 0;
		};
/* End PBXSourcesBuildPhase section */

/* Begin PBXVariantGroup section */
		99F69A782B01BB890028E88F /* Main.storyboard */ = {
			isa = PBXVariantGroup;
			children = (
				99F69A792B01BB890028E88F /* Base */,
			);
			name = Main.storyboard;
			sourceTree = "<group>";
		};
		99F69A7D2B01BB8A0028E88F /* LaunchScreen.storyboard */ = {
			isa = PBXVariantGroup;
			children = (
				99F69A7E2B01BB8A0028E88F /* Base */,
			);
			name = LaunchScreen.storyboard;
			sourceTree = "<group>";
		};
/* End PBXVariantGroup section */

/* Begin XCBuildConfiguration section */
		99F69A812B01BB8A0028E88F /* Debug */ = {
			isa = XCBuildConfiguration;
			buildSettings = {
				ALWAYS_SEARCH_USER_PATHS = NO;
				ASSETCATALOG_COMPILER_GENERATE_SWIFT_ASSET_SYMBOL_EXTENSIONS = YES;
				CLANG_ANALYZER_NONNULL = YES;
				CLANG_ANALYZER_NUMBER_OBJECT_CONVERSION = YES_AGGRESSIVE;
				CLANG_CXX_LANGUAGE_STANDARD = "gnu++20";
				CLANG_ENABLE_MODULES = YES;
				CLANG_ENABLE_OBJC_ARC = YES;
				CLANG_ENABLE_OBJC_WEAK = YES;
				CLANG_WARN_BLOCK_CAPTURE_AUTORELEASING = YES;
				CLANG_WARN_BOOL_CONVERSION = YES;
				CLANG_WARN_COMMA = YES;
				CLANG_WARN_CONSTANT_CONVERSION = YES;
				CLANG_WARN_DEPRECATED_OBJC_IMPLEMENTATIONS = YES;
				CLANG_WARN_DIRECT_OBJC_ISA_USAGE = YES_ERROR;
				CLANG_WARN_DOCUMENTATION_COMMENTS = YES;
				CLANG_WARN_EMPTY_BODY = YES;
				CLANG_WARN_ENUM_CONVERSION = YES;
				CLANG_WARN_INFINITE_RECURSION = YES;
				CLANG_WARN_INT_CONVERSION = YES;
				CLANG_WARN_NON_LITERAL_NULL_CONVERSION = YES;
				CLANG_WARN_OBJC_IMPLICIT_RETAIN_SELF = YES;
				CLANG_WARN_OBJC_LITERAL_CONVERSION = YES;
				CLANG_WARN_OBJC_ROOT_CLASS = YES_ERROR;
				CLANG_WARN_QUOTED_INCLUDE_IN_FRAMEWORK_HEADER = YES;
				CLANG_WARN_RANGE_LOOP_ANALYSIS = YES;
				CLANG_WARN_STRICT_PROTOTYPES = YES;
				CLANG_WARN_SUSPICIOUS_MOVE = YES;
				CLANG_WARN_UNGUARDED_AVAILABILITY = YES_AGGRESSIVE;
				CLANG_WARN_UNREACHABLE_CODE = YES;
				CLANG_WARN__DUPLICATE_METHOD_MATCH = YES;
				COPY_PHASE_STRIP = NO;
				DEBUG_INFORMATION_FORMAT = dwarf;
				ENABLE_STRICT_OBJC_MSGSEND = YES;
				ENABLE_TESTABILITY = YES;
				ENABLE_USER_SCRIPT_SANDBOXING = YES;
				GCC_C_LANGUAGE_STANDARD = gnu17;
				GCC_DYNAMIC_NO_PIC = NO;
				GCC_NO_COMMON_BLOCKS = YES;
				GCC_OPTIMIZATION_LEVEL = 0;
				GCC_PREPROCESSOR_DEFINITIONS = (
					"DEBUG=1",
					"$(inherited)",
				);
				GCC_WARN_64_TO_32_BIT_CONVERSION = YES;
				GCC_WARN_ABOUT_RETURN_TYPE = YES_ERROR;
				GCC_WARN_UNDECLARED_SELECTOR = YES;
				GCC_WARN_UNINITIALIZED_AUTOS = YES_AGGRESSIVE;
				GCC_WARN_UNUSED_FUNCTION = YES;
				GCC_WARN_UNUSED_VARIABLE = YES;
				IPHONEOS_DEPLOYMENT_TARGET = 17.0;
				LOCALIZATION_PREFERS_STRING_CATALOGS = YES;
				MTL_ENABLE_DEBUG_INFO = INCLUDE_SOURCE;
				MTL_FAST_MATH = YES;
				ONLY_ACTIVE_ARCH = YES;
				SDKROOT = iphoneos;
				SWIFT_ACTIVE_COMPILATION_CONDITIONS = "DEBUG $(inherited)";
				SWIFT_OPTIMIZATION_LEVEL = "-Onone";
			};
			name = Debug;
		};
		99F69A822B01BB8A0028E88F /* Release */ = {
			isa = XCBuildConfiguration;
			buildSettings = {
				ALWAYS_SEARCH_USER_PATHS = NO;
				ASSETCATALOG_COMPILER_GENERATE_SWIFT_ASSET_SYMBOL_EXTENSIONS = YES;
				CLANG_ANALYZER_NONNULL = YES;
				CLANG_ANALYZER_NUMBER_OBJECT_CONVERSION = YES_AGGRESSIVE;
				CLANG_CXX_LANGUAGE_STANDARD = "gnu++20";
				CLANG_ENABLE_MODULES = YES;
				CLANG_ENABLE_OBJC_ARC = YES;
				CLANG_ENABLE_OBJC_WEAK = YES;
				CLANG_WARN_BLOCK_CAPTURE_AUTORELEASING = YES;
				CLANG_WARN_BOOL_CONVERSION = YES;
				CLANG_WARN_COMMA = YES;
				CLANG_WARN_CONSTANT_CONVERSION = YES;
				CLANG_WARN_DEPRECATED_OBJC_IMPLEMENTATIONS = YES;
				CLANG_WARN_DIRECT_OBJC_ISA_USAGE = YES_ERROR;
				CLANG_WARN_DOCUMENTATION_COMMENTS = YES;
				CLANG_WARN_EMPTY_BODY = YES;
				CLANG_WARN_ENUM_CONVERSION = YES;
				CLANG_WARN_INFINITE_RECURSION = YES;
				CLANG_WARN_INT_CONVERSION = YES;
				CLANG_WARN_NON_LITERAL_NULL_CONVERSION = YES;
				CLANG_WARN_OBJC_IMPLICIT_RETAIN_SELF = YES;
				CLANG_WARN_OBJC_LITERAL_CONVERSION = YES;
				CLANG_WARN_OBJC_ROOT_CLASS = YES_ERROR;
				CLANG_WARN_QUOTED_INCLUDE_IN_FRAMEWORK_HEADER = YES;
				CLANG_WARN_RANGE_LOOP_ANALYSIS = YES;
				CLANG_WARN_STRICT_PROTOTYPES = YES;
				CLANG_WARN_SUSPICIOUS_MOVE = YES;
				CLANG_WARN_UNGUARDED_AVAILABILITY = YES_AGGRESSIVE;
				CLANG_WARN_UNREACHABLE_CODE = YES;
				CLANG_WARN__DUPLICATE_METHOD_MATCH = YES;
				COPY_PHASE_STRIP = NO;
				DEBUG_INFORMATION_FORMAT = "dwarf-with-dsym";
				ENABLE_NS_ASSERTIONS = NO;
				ENABLE_STRICT_OBJC_MSGSEND = YES;
				ENABLE_USER_SCRIPT_SANDBOXING = YES;
				GCC_C_LANGUAGE_STANDARD = gnu17;
				GCC_NO_COMMON_BLOCKS = YES;
				GCC_WARN_64_TO_32_BIT_CONVERSION = YES;
				GCC_WARN_ABOUT_RETURN_TYPE = YES_ERROR;
				GCC_WARN_UNDECLARED_SELECTOR = YES;
				GCC_WARN_UNINITIALIZED_AUTOS = YES_AGGRESSIVE;
				GCC_WARN_UNUSED_FUNCTION = YES;
				GCC_WARN_UNUSED_VARIABLE = YES;
				IPHONEOS_DEPLOYMENT_TARGET = 17.0;
				LOCALIZATION_PREFERS_STRING_CATALOGS = YES;
				MTL_ENABLE_DEBUG_INFO = NO;
				MTL_FAST_MATH = YES;
				SDKROOT = iphoneos;
				SWIFT_COMPILATION_MODE = wholemodule;
				VALIDATE_PRODUCT = YES;
			};
			name = Release;
		};
		99F69A842B01BB8A0028E88F /* Debug */ = {
			isa = XCBuildConfiguration;
			buildSettings = {
				ASSETCATALOG_COMPILER_APPICON_NAME = AppIcon;
				ASSETCATALOG_COMPILER_GLOBAL_ACCENT_COLOR_NAME = AccentColor;
				CODE_SIGN_STYLE = Automatic;
				CURRENT_PROJECT_VERSION = 1;
				GENERATE_INFOPLIST_FILE = YES;
				INFOPLIST_FILE = THRIFT/Info.plist;
				INFOPLIST_KEY_UIApplicationSupportsIndirectInputEvents = YES;
				INFOPLIST_KEY_UILaunchStoryboardName = LaunchScreen;
				INFOPLIST_KEY_UIMainStoryboardFile = Main;
				INFOPLIST_KEY_UISupportedInterfaceOrientations_iPad = "UIInterfaceOrientationPortrait UIInterfaceOrientationPortraitUpsideDown UIInterfaceOrientationLandscapeLeft UIInterfaceOrientationLandscapeRight";
				INFOPLIST_KEY_UISupportedInterfaceOrientations_iPhone = "UIInterfaceOrientationPortrait UIInterfaceOrientationLandscapeLeft UIInterfaceOrientationLandscapeRight";
				LD_RUNPATH_SEARCH_PATHS = (
					"$(inherited)",
					"@executable_path/Frameworks",
				);
				MARKETING_VERSION = 1.0;
				PRODUCT_BUNDLE_IDENTIFIER = RoshanKhatri.THRIFT;
				PRODUCT_NAME = "$(TARGET_NAME)";
				SWIFT_EMIT_LOC_STRINGS = YES;
				SWIFT_VERSION = 5.0;
				TARGETED_DEVICE_FAMILY = "1,2";
			};
			name = Debug;
		};
		99F69A852B01BB8A0028E88F /* Release */ = {
			isa = XCBuildConfiguration;
			buildSettings = {
				ASSETCATALOG_COMPILER_APPICON_NAME = AppIcon;
				ASSETCATALOG_COMPILER_GLOBAL_ACCENT_COLOR_NAME = AccentColor;
				CODE_SIGN_STYLE = Automatic;
				CURRENT_PROJECT_VERSION = 1;
				GENERATE_INFOPLIST_FILE = YES;
				INFOPLIST_FILE = THRIFT/Info.plist;
				INFOPLIST_KEY_UIApplicationSupportsIndirectInputEvents = YES;
				INFOPLIST_KEY_UILaunchStoryboardName = LaunchScreen;
				INFOPLIST_KEY_UIMainStoryboardFile = Main;
				INFOPLIST_KEY_UISupportedInterfaceOrientations_iPad = "UIInterfaceOrientationPortrait UIInterfaceOrientationPortraitUpsideDown UIInterfaceOrientationLandscapeLeft UIInterfaceOrientationLandscapeRight";
				INFOPLIST_KEY_UISupportedInterfaceOrientations_iPhone = "UIInterfaceOrientationPortrait UIInterfaceOrientationLandscapeLeft UIInterfaceOrientationLandscapeRight";
				LD_RUNPATH_SEARCH_PATHS = (
					"$(inherited)",
					"@executable_path/Frameworks",
				);
				MARKETING_VERSION = 1.0;
				PRODUCT_BUNDLE_IDENTIFIER = RoshanKhatri.THRIFT;
				PRODUCT_NAME = "$(TARGET_NAME)";
				SWIFT_EMIT_LOC_STRINGS = YES;
				SWIFT_VERSION = 5.0;
				TARGETED_DEVICE_FAMILY = "1,2";
			};
			name = Release;
		};
/* End XCBuildConfiguration section */

/* Begin XCConfigurationList section */
		99F69A6A2B01BB890028E88F /* Build configuration list for PBXProject "THRIFT" */ = {
			isa = XCConfigurationList;
			buildConfigurations = (
				99F69A812B01BB8A0028E88F /* Debug */,
				99F69A822B01BB8A0028E88F /* Release */,
			);
			defaultConfigurationIsVisible = 0;
			defaultConfigurationName = Release;
		};
		99F69A832B01BB8A0028E88F /* Build configuration list for PBXNativeTarget "THRIFT" */ = {
			isa = XCConfigurationList;
			buildConfigurations = (
				99F69A842B01BB8A0028E88F /* Debug */,
				99F69A852B01BB8A0028E88F /* Release */,
			);
			defaultConfigurationIsVisible = 0;
			defaultConfigurationName = Release;
		};
/* End XCConfigurationList section */
	};
	rootObject = 99F69A672B01BB890028E88F /* Project object */;
}
